# This file is automatically @generated by Cargo.
# It is not intended for manual editing.
version = 4

[[package]]
name = "bootloader"
version = "0.9.31"
source = "registry+https://github.com/rust-lang/crates.io-index"
checksum = "974e79cf1b0b737839f01330fb5393095daf1124d52693696494e32523ae9ef5"

[[package]]
name = "volatile"
version = "0.2.7"
source = "registry+https://github.com/rust-lang/crates.io-index"
checksum = "f6b06ad3ed06fef1713569d547cdbdb439eafed76341820fb0e0344f29a41945"

[[package]]
name = "zz_os"
version = "0.1.0"
dependencies = [
 "bootloader",
 "volatile",
]
